<Solution>
  <Project Path="Opsive.Shared.Editor.csproj" />
  <Project Path="Opsive.UltimateCharacterController.csproj" />
  <Project Path="ProPixelizer.csproj" />
  <Project Path="Opsive.BehaviorDesigner.Runtime.csproj" />
  <Project Path="Opsive.UltimateCharacterController.Demo.csproj" />
  <Project Path="Opsive.UltimateCharacterController.Editor.csproj" />
  <Project Path="AssetInventory.Editor.csproj" />
  <Project Path="Assembly-CSharp.csproj" />
  <Project Path="Opsive.BehaviorDesigner.AddOns.Shared.Editor.csproj" />
  <Project Path="Opsive.Shared.Runtime.csproj" />
  <Project Path="Opsive.BehaviorDesigner.AddOns.SensesPack.Runtime.csproj" />
  <Project Path="Opsive.BehaviorDesigner.Samples.csproj" />
  <Project Path="Assembly-CSharp-Editor-firstpass.csproj" />
  <Project Path="Opsive.BehaviorDesigner.Editor.Managers.csproj" />
  <Project Path="Opsive.BehaviorDesigner.AddOns.MovementPack.Runtime.csproj" />
  <Project Path="Opsive.BehaviorDesigner.AddOns.TacticalPack.Runtime.csproj" />
  <Project Path="Opsive.BehaviorDesigner.AddOns.Shared.Runtime.csproj" />
  <Project Path="Opsive.GraphDesigner.Runtime.Wrappers.csproj" />
  <Project Path="Opsive.BehaviorDesigner.AddOns.MovementPack.Editor.csproj" />
  <Project Path="Opsive.BehaviorDesigner.Editor.Controls.NodeViews.csproj" />
  <Project Path="Assembly-CSharp-Editor.csproj" />
  <Project Path="Opsive.Shared.Editor.Import.csproj" />
  <Project Path="Opsive.BehaviorDesigner.AddOns.Shared.Demo.csproj" />
  <Project Path="Opsive.UltimateCharacterController.Demo.Editor.csproj" />
  <Project Path="Opsive.BehaviorDesigner.AddOns.TacticalPack.Editor.csproj" />
  <Project Path="AssetInventory.JD.EditorAudioUtils.Editor.csproj" />
  <Project Path="CodeStage.Package2Folder.csproj" />
  <Project Path="AssetInventory.Examples.csproj" />
  <Project Path="AssetInventory.Examples.Editor.csproj" />
</Solution>
